// !$*UTF8*$!
{
	archiveVersion = 1;
	classes = {
	};
	objectVersion = 55;
	objects = {

/* Begin PBXBuildFile section */
		85416C0228D18AC400F237D4 /* APIConstants.swift in Sources */ = {isa = PBXBuildFile; fileRef = 85416C0128D18AC400F237D4 /* APIConstants.swift */; };
		85416C0528D18BAA00F237D4 /* IRequest.swift in Sources */ = {isa = PBXBuildFile; fileRef = 85416C0428D18BAA00F237D4 /* IRequest.swift */; };
		85416C0728D18C0100F237D4 /* RequestType.swift in Sources */ = {isa = PBXBuildFile; fileRef = 85416C0628D18C0100F237D4 /* RequestType.swift */; };
		85416C0A28D18C8600F237D4 /* NetworkError.swift in Sources */ = {isa = PBXBuildFile; fileRef = 85416C0928D18C8600F237D4 /* NetworkError.swift */; };
		85416C0C28D18E2600F237D4 /* RequestManager.swift in Sources */ = {isa = PBXBuildFile; fileRef = 85416C0B28D18E2600F237D4 /* RequestManager.swift */; };
		85416C0F28D1903400F237D4 /* IParser.swift in Sources */ = {isa = PBXBuildFile; fileRef = 85416C0E28D1903400F237D4 /* IParser.swift */; };
		85416C1228D2D40200F237D4 /* SearchRequest.swift in Sources */ = {isa = PBXBuildFile; fileRef = 85416C1128D2D40200F237D4 /* SearchRequest.swift */; };
		85416C1428D2DA0F00F237D4 /* SearchResult.swift in Sources */ = {isa = PBXBuildFile; fileRef = 85416C1328D2DA0F00F237D4 /* SearchResult.swift */; };
		85416C1628D2DE5700F237D4 /* SearchResultParser.swift in Sources */ = {isa = PBXBuildFile; fileRef = 85416C1528D2DE5700F237D4 /* SearchResultParser.swift */; };
		85416C1828D2DF4800F237D4 /* RequestConfig.swift in Sources */ = {isa = PBXBuildFile; fileRef = 85416C1728D2DF4800F237D4 /* RequestConfig.swift */; };
		8551323128D6FC930086AA76 /* SearchView.swift in Sources */ = {isa = PBXBuildFile; fileRef = 8551323028D6FC930086AA76 /* SearchView.swift */; };
		8551323628D77A5E0086AA76 /* AppsViewController.swift in Sources */ = {isa = PBXBuildFile; fileRef = 8551323528D77A5E0086AA76 /* AppsViewController.swift */; };
		8551323828D77DA10086AA76 /* AppsGroupCell.swift in Sources */ = {isa = PBXBuildFile; fileRef = 8551323728D77DA10086AA76 /* AppsGroupCell.swift */; };
		8551323B28D786C20086AA76 /* AppRowCell.swift in Sources */ = {isa = PBXBuildFile; fileRef = 8551323A28D786C20086AA76 /* AppRowCell.swift */; };
		8551323D28D81D230086AA76 /* UIButton+createGetButton.swift in Sources */ = {isa = PBXBuildFile; fileRef = 8551323C28D81D230086AA76 /* UIButton+createGetButton.swift */; };
		8551323F28D827440086AA76 /* AppsPageHeader.swift in Sources */ = {isa = PBXBuildFile; fileRef = 8551323E28D827440086AA76 /* AppsPageHeader.swift */; };
		8551324228D8DB030086AA76 /* AppHeaderCell.swift in Sources */ = {isa = PBXBuildFile; fileRef = 8551324128D8DB030086AA76 /* AppHeaderCell.swift */; };
		8551324428D8E7340086AA76 /* Constants.swift in Sources */ = {isa = PBXBuildFile; fileRef = 8551324328D8E7340086AA76 /* Constants.swift */; };
		8552B67528D42EFB00A0E57A /* ISearchResultCellViewModel.swift in Sources */ = {isa = PBXBuildFile; fileRef = 8552B67428D42EFB00A0E57A /* ISearchResultCellViewModel.swift */; };
		8552B67728D4302800A0E57A /* SearchResultCellViewModel.swift in Sources */ = {isa = PBXBuildFile; fileRef = 8552B67628D4302800A0E57A /* SearchResultCellViewModel.swift */; };
		857524A128D59652004CAF6B /* ImageParser.swift in Sources */ = {isa = PBXBuildFile; fileRef = 857524A028D59652004CAF6B /* ImageParser.swift */; };
		857524A328D596C7004CAF6B /* ImageRequest.swift in Sources */ = {isa = PBXBuildFile; fileRef = 857524A228D596C7004CAF6B /* ImageRequest.swift */; };
		857524A628D5FF66004CAF6B /* ImageCacheService.swift in Sources */ = {isa = PBXBuildFile; fileRef = 857524A528D5FF66004CAF6B /* ImageCacheService.swift */; };
		857524A828D62A1A004CAF6B /* ConfigFactory.swift in Sources */ = {isa = PBXBuildFile; fileRef = 857524A728D62A1A004CAF6B /* ConfigFactory.swift */; };
		85CB256B28CFA49E005519AB /* SearchResultCell.swift in Sources */ = {isa = PBXBuildFile; fileRef = 85CB256A28CFA49E005519AB /* SearchResultCell.swift */; };
		85CB256E28D042D3005519AB /* UIStackView+addArrangedSubviews.swift in Sources */ = {isa = PBXBuildFile; fileRef = 85CB256D28D042D3005519AB /* UIStackView+addArrangedSubviews.swift */; };
		85EBF39E28CE4F9F0071E0E1 /* AppDelegate.swift in Sources */ = {isa = PBXBuildFile; fileRef = 85EBF39D28CE4F9F0071E0E1 /* AppDelegate.swift */; };
		85EBF3A728CE4FA00071E0E1 /* Assets.xcassets in Resources */ = {isa = PBXBuildFile; fileRef = 85EBF3A628CE4FA00071E0E1 /* Assets.xcassets */; };
		85EBF3AA28CE4FA00071E0E1 /* LaunchScreen.storyboard in Resources */ = {isa = PBXBuildFile; fileRef = 85EBF3A828CE4FA00071E0E1 /* LaunchScreen.storyboard */; };
		85EBF3B828CE596A0071E0E1 /* SearchViewController.swift in Sources */ = {isa = PBXBuildFile; fileRef = 85EBF3B728CE596A0071E0E1 /* SearchViewController.swift */; };
		85EBF3BC28CEEDE10071E0E1 /* Coordinator.swift in Sources */ = {isa = PBXBuildFile; fileRef = 85EBF3BB28CEEDE10071E0E1 /* Coordinator.swift */; };
		85EBF3BE28CEEE260071E0E1 /* ApplicationCoordinator.swift in Sources */ = {isa = PBXBuildFile; fileRef = 85EBF3BD28CEEE260071E0E1 /* ApplicationCoordinator.swift */; };
		85EBF3C128CEEFD40071E0E1 /* MainCoordinator.swift in Sources */ = {isa = PBXBuildFile; fileRef = 85EBF3C028CEEFD40071E0E1 /* MainCoordinator.swift */; };
		85EBF3C628CEF07D0071E0E1 /* SearchCoordinator.swift in Sources */ = {isa = PBXBuildFile; fileRef = 85EBF3C528CEF07D0071E0E1 /* SearchCoordinator.swift */; };
		85EBF3C828CEF0EA0071E0E1 /* TodayCoordinator.swift in Sources */ = {isa = PBXBuildFile; fileRef = 85EBF3C728CEF0EA0071E0E1 /* TodayCoordinator.swift */; };
		85EBF3CA28CEF10A0071E0E1 /* AppsCoordinator.swift in Sources */ = {isa = PBXBuildFile; fileRef = 85EBF3C928CEF10A0071E0E1 /* AppsCoordinator.swift */; };
		85EBF3CD28CFA14C0071E0E1 /* ISearchViewModel.swift in Sources */ = {isa = PBXBuildFile; fileRef = 85EBF3CC28CFA14C0071E0E1 /* ISearchViewModel.swift */; };
		85EBF3D028CFA1C00071E0E1 /* SearchViewModel.swift in Sources */ = {isa = PBXBuildFile; fileRef = 85EBF3CF28CFA1C00071E0E1 /* SearchViewModel.swift */; };
/* End PBXBuildFile section */

/* Begin PBXFileReference section */
		85416C0128D18AC400F237D4 /* APIConstants.swift */ = {isa = PBXFileReference; lastKnownFileType = sourcecode.swift; path = APIConstants.swift; sourceTree = "<group>"; };
		85416C0428D18BAA00F237D4 /* IRequest.swift */ = {isa = PBXFileReference; lastKnownFileType = sourcecode.swift; path = IRequest.swift; sourceTree = "<group>"; };
		85416C0628D18C0100F237D4 /* RequestType.swift */ = {isa = PBXFileReference; lastKnownFileType = sourcecode.swift; path = RequestType.swift; sourceTree = "<group>"; };
		85416C0928D18C8600F237D4 /* NetworkError.swift */ = {isa = PBXFileReference; lastKnownFileType = sourcecode.swift; path = NetworkError.swift; sourceTree = "<group>"; };
		85416C0B28D18E2600F237D4 /* RequestManager.swift */ = {isa = PBXFileReference; lastKnownFileType = sourcecode.swift; path = RequestManager.swift; sourceTree = "<group>"; };
		85416C0E28D1903400F237D4 /* IParser.swift */ = {isa = PBXFileReference; lastKnownFileType = sourcecode.swift; path = IParser.swift; sourceTree = "<group>"; };
		85416C1128D2D40200F237D4 /* SearchRequest.swift */ = {isa = PBXFileReference; lastKnownFileType = sourcecode.swift; path = SearchRequest.swift; sourceTree = "<group>"; };
		85416C1328D2DA0F00F237D4 /* SearchResult.swift */ = {isa = PBXFileReference; lastKnownFileType = sourcecode.swift; path = SearchResult.swift; sourceTree = "<group>"; };
		85416C1528D2DE5700F237D4 /* SearchResultParser.swift */ = {isa = PBXFileReference; lastKnownFileType = sourcecode.swift; path = SearchResultParser.swift; sourceTree = "<group>"; };
		85416C1728D2DF4800F237D4 /* RequestConfig.swift */ = {isa = PBXFileReference; lastKnownFileType = sourcecode.swift; path = RequestConfig.swift; sourceTree = "<group>"; };
		8551323028D6FC930086AA76 /* SearchView.swift */ = {isa = PBXFileReference; lastKnownFileType = sourcecode.swift; path = SearchView.swift; sourceTree = "<group>"; };
		8551323528D77A5E0086AA76 /* AppsViewController.swift */ = {isa = PBXFileReference; lastKnownFileType = sourcecode.swift; path = AppsViewController.swift; sourceTree = "<group>"; };
		8551323728D77DA10086AA76 /* AppsGroupCell.swift */ = {isa = PBXFileReference; lastKnownFileType = sourcecode.swift; path = AppsGroupCell.swift; sourceTree = "<group>"; };
		8551323A28D786C20086AA76 /* AppRowCell.swift */ = {isa = PBXFileReference; lastKnownFileType = sourcecode.swift; path = AppRowCell.swift; sourceTree = "<group>"; };
		8551323C28D81D230086AA76 /* UIButton+createGetButton.swift */ = {isa = PBXFileReference; lastKnownFileType = sourcecode.swift; path = "UIButton+createGetButton.swift"; sourceTree = "<group>"; };
		8551323E28D827440086AA76 /* AppsPageHeader.swift */ = {isa = PBXFileReference; lastKnownFileType = sourcecode.swift; path = AppsPageHeader.swift; sourceTree = "<group>"; };
		8551324128D8DB030086AA76 /* AppHeaderCell.swift */ = {isa = PBXFileReference; lastKnownFileType = sourcecode.swift; path = AppHeaderCell.swift; sourceTree = "<group>"; };
		8551324328D8E7340086AA76 /* Constants.swift */ = {isa = PBXFileReference; lastKnownFileType = sourcecode.swift; path = Constants.swift; sourceTree = "<group>"; };
		8552B67428D42EFB00A0E57A /* ISearchResultCellViewModel.swift */ = {isa = PBXFileReference; lastKnownFileType = sourcecode.swift; path = ISearchResultCellViewModel.swift; sourceTree = "<group>"; };
		8552B67628D4302800A0E57A /* SearchResultCellViewModel.swift */ = {isa = PBXFileReference; lastKnownFileType = sourcecode.swift; path = SearchResultCellViewModel.swift; sourceTree = "<group>"; };
		857524A028D59652004CAF6B /* ImageParser.swift */ = {isa = PBXFileReference; lastKnownFileType = sourcecode.swift; path = ImageParser.swift; sourceTree = "<group>"; };
		857524A228D596C7004CAF6B /* ImageRequest.swift */ = {isa = PBXFileReference; lastKnownFileType = sourcecode.swift; path = ImageRequest.swift; sourceTree = "<group>"; };
		857524A528D5FF66004CAF6B /* ImageCacheService.swift */ = {isa = PBXFileReference; lastKnownFileType = sourcecode.swift; path = ImageCacheService.swift; sourceTree = "<group>"; };
		857524A728D62A1A004CAF6B /* ConfigFactory.swift */ = {isa = PBXFileReference; lastKnownFileType = sourcecode.swift; path = ConfigFactory.swift; sourceTree = "<group>"; };
		85CB256A28CFA49E005519AB /* SearchResultCell.swift */ = {isa = PBXFileReference; lastKnownFileType = sourcecode.swift; path = SearchResultCell.swift; sourceTree = "<group>"; };
		85CB256D28D042D3005519AB /* UIStackView+addArrangedSubviews.swift */ = {isa = PBXFileReference; lastKnownFileType = sourcecode.swift; path = "UIStackView+addArrangedSubviews.swift"; sourceTree = "<group>"; };
		85EBF39A28CE4F9F0071E0E1 /* AppStore-MVVM.app */ = {isa = PBXFileReference; explicitFileType = wrapper.application; includeInIndex = 0; path = "AppStore-MVVM.app"; sourceTree = BUILT_PRODUCTS_DIR; };
		85EBF39D28CE4F9F0071E0E1 /* AppDelegate.swift */ = {isa = PBXFileReference; lastKnownFileType = sourcecode.swift; path = AppDelegate.swift; sourceTree = "<group>"; };
		85EBF3A628CE4FA00071E0E1 /* Assets.xcassets */ = {isa = PBXFileReference; lastKnownFileType = folder.assetcatalog; path = Assets.xcassets; sourceTree = "<group>"; };
		85EBF3A928CE4FA00071E0E1 /* Base */ = {isa = PBXFileReference; lastKnownFileType = file.storyboard; name = Base; path = Base.lproj/LaunchScreen.storyboard; sourceTree = "<group>"; };
		85EBF3AB28CE4FA00071E0E1 /* Info.plist */ = {isa = PBXFileReference; lastKnownFileType = text.plist.xml; path = Info.plist; sourceTree = "<group>"; };
		85EBF3B728CE596A0071E0E1 /* SearchViewController.swift */ = {isa = PBXFileReference; lastKnownFileType = sourcecode.swift; path = SearchViewController.swift; sourceTree = "<group>"; };
		85EBF3BB28CEEDE10071E0E1 /* Coordinator.swift */ = {isa = PBXFileReference; lastKnownFileType = sourcecode.swift; path = Coordinator.swift; sourceTree = "<group>"; };
		85EBF3BD28CEEE260071E0E1 /* ApplicationCoordinator.swift */ = {isa = PBXFileReference; lastKnownFileType = sourcecode.swift; path = ApplicationCoordinator.swift; sourceTree = "<group>"; };
		85EBF3C028CEEFD40071E0E1 /* MainCoordinator.swift */ = {isa = PBXFileReference; lastKnownFileType = sourcecode.swift; path = MainCoordinator.swift; sourceTree = "<group>"; };
		85EBF3C528CEF07D0071E0E1 /* SearchCoordinator.swift */ = {isa = PBXFileReference; lastKnownFileType = sourcecode.swift; path = SearchCoordinator.swift; sourceTree = "<group>"; };
		85EBF3C728CEF0EA0071E0E1 /* TodayCoordinator.swift */ = {isa = PBXFileReference; lastKnownFileType = sourcecode.swift; path = TodayCoordinator.swift; sourceTree = "<group>"; };
		85EBF3C928CEF10A0071E0E1 /* AppsCoordinator.swift */ = {isa = PBXFileReference; lastKnownFileType = sourcecode.swift; path = AppsCoordinator.swift; sourceTree = "<group>"; };
		85EBF3CC28CFA14C0071E0E1 /* ISearchViewModel.swift */ = {isa = PBXFileReference; lastKnownFileType = sourcecode.swift; path = ISearchViewModel.swift; sourceTree = "<group>"; };
		85EBF3CF28CFA1C00071E0E1 /* SearchViewModel.swift */ = {isa = PBXFileReference; lastKnownFileType = sourcecode.swift; path = SearchViewModel.swift; sourceTree = "<group>"; };
/* End PBXFileReference section */

/* Begin PBXFrameworksBuildPhase section */
		85EBF39728CE4F9F0071E0E1 /* Frameworks */ = {
			isa = PBXFrameworksBuildPhase;
			buildActionMask = 2147483647;
			files = (
			);
			runOnlyForDeploymentPostprocessing = 0;
		};
/* End PBXFrameworksBuildPhase section */

/* Begin PBXGroup section */
		85416BFF28D18A6500F237D4 /* Model */ = {
			isa = PBXGroup;
			children = (
				85416C1328D2DA0F00F237D4 /* SearchResult.swift */,
				857524A428D5FF48004CAF6B /* CacheService */,
				85416C0028D18AB400F237D4 /* Network Service */,
			);
			path = Model;
			sourceTree = "<group>";
		};
		85416C0028D18AB400F237D4 /* Network Service */ = {
			isa = PBXGroup;
			children = (
				85416C0828D18C5F00F237D4 /* Network */,
				85416C0D28D1902300F237D4 /* Parser */,
				85416C0328D18B9C00F237D4 /* Request */,
				85416C0128D18AC400F237D4 /* APIConstants.swift */,
				857524A728D62A1A004CAF6B /* ConfigFactory.swift */,
			);
			path = "Network Service";
			sourceTree = "<group>";
		};
		85416C0328D18B9C00F237D4 /* Request */ = {
			isa = PBXGroup;
			children = (
				85416C1028D2D3EF00F237D4 /* SearchRequest */,
				85416C0428D18BAA00F237D4 /* IRequest.swift */,
				85416C0628D18C0100F237D4 /* RequestType.swift */,
				85416C1728D2DF4800F237D4 /* RequestConfig.swift */,
			);
			path = Request;
			sourceTree = "<group>";
		};
		85416C0828D18C5F00F237D4 /* Network */ = {
			isa = PBXGroup;
			children = (
				85416C0928D18C8600F237D4 /* NetworkError.swift */,
				85416C0B28D18E2600F237D4 /* RequestManager.swift */,
			);
			path = Network;
			sourceTree = "<group>";
		};
		85416C0D28D1902300F237D4 /* Parser */ = {
			isa = PBXGroup;
			children = (
				85416C0E28D1903400F237D4 /* IParser.swift */,
				8575249F28D5962B004CAF6B /* SearchResultImageParser */,
				85416C1A28D2E13B00F237D4 /* SearchResultParser */,
			);
			path = Parser;
			sourceTree = "<group>";
		};
		85416C1028D2D3EF00F237D4 /* SearchRequest */ = {
			isa = PBXGroup;
			children = (
				85416C1128D2D40200F237D4 /* SearchRequest.swift */,
				857524A228D596C7004CAF6B /* ImageRequest.swift */,
			);
			path = SearchRequest;
			sourceTree = "<group>";
		};
		85416C1A28D2E13B00F237D4 /* SearchResultParser */ = {
			isa = PBXGroup;
			children = (
				85416C1528D2DE5700F237D4 /* SearchResultParser.swift */,
			);
			path = SearchResultParser;
			sourceTree = "<group>";
		};
		8551323228D77A320086AA76 /* Apps */ = {
			isa = PBXGroup;
			children = (
				8551323328D77A480086AA76 /* View */,
			);
			path = Apps;
			sourceTree = "<group>";
		};
		8551323328D77A480086AA76 /* View */ = {
			isa = PBXGroup;
			children = (
				8551323528D77A5E0086AA76 /* AppsViewController.swift */,
				8551323928D7867F0086AA76 /* AppsGroupCell */,
				8551324028D8DA650086AA76 /* AppsPageHeader */,
			);
			path = View;
			sourceTree = "<group>";
		};
		8551323928D7867F0086AA76 /* AppsGroupCell */ = {
			isa = PBXGroup;
			children = (
				8551323728D77DA10086AA76 /* AppsGroupCell.swift */,
				8551323A28D786C20086AA76 /* AppRowCell.swift */,
			);
			path = AppsGroupCell;
			sourceTree = "<group>";
		};
		8551324028D8DA650086AA76 /* AppsPageHeader */ = {
			isa = PBXGroup;
			children = (
				8551323E28D827440086AA76 /* AppsPageHeader.swift */,
				8551324128D8DB030086AA76 /* AppHeaderCell.swift */,
			);
			path = AppsPageHeader;
			sourceTree = "<group>";
		};
		8552B67328D42ED200A0E57A /* SearchResultCellViewModel */ = {
			isa = PBXGroup;
			children = (
				8552B67428D42EFB00A0E57A /* ISearchResultCellViewModel.swift */,
				8552B67628D4302800A0E57A /* SearchResultCellViewModel.swift */,
			);
			path = SearchResultCellViewModel;
			sourceTree = "<group>";
		};
		8575249F28D5962B004CAF6B /* SearchResultImageParser */ = {
			isa = PBXGroup;
			children = (
				857524A028D59652004CAF6B /* ImageParser.swift */,
			);
			path = SearchResultImageParser;
			sourceTree = "<group>";
		};
		857524A428D5FF48004CAF6B /* CacheService */ = {
			isa = PBXGroup;
			children = (
				857524A528D5FF66004CAF6B /* ImageCacheService.swift */,
			);
			path = CacheService;
			sourceTree = "<group>";
		};
		85CB256C28D042B8005519AB /* Extensions */ = {
			isa = PBXGroup;
			children = (
				85CB256D28D042D3005519AB /* UIStackView+addArrangedSubviews.swift */,
				8551323C28D81D230086AA76 /* UIButton+createGetButton.swift */,
			);
			path = Extensions;
			sourceTree = "<group>";
		};
		85EBF39128CE4F9F0071E0E1 = {
			isa = PBXGroup;
			children = (
				85EBF39C28CE4F9F0071E0E1 /* AppStore-MVVM */,
				85EBF39B28CE4F9F0071E0E1 /* Products */,
			);
			sourceTree = "<group>";
		};
		85EBF39B28CE4F9F0071E0E1 /* Products */ = {
			isa = PBXGroup;
			children = (
				85EBF39A28CE4F9F0071E0E1 /* AppStore-MVVM.app */,
			);
			name = Products;
			sourceTree = "<group>";
		};
		85EBF39C28CE4F9F0071E0E1 /* AppStore-MVVM */ = {
			isa = PBXGroup;
			children = (
				85EBF3B328CE58340071E0E1 /* Application */,
				85416BFF28D18A6500F237D4 /* Model */,
				8551323228D77A320086AA76 /* Apps */,
				85EBF3B128CE57F90071E0E1 /* Search */,
			);
			path = "AppStore-MVVM";
			sourceTree = "<group>";
		};
		85EBF3B128CE57F90071E0E1 /* Search */ = {
			isa = PBXGroup;
			children = (
				85EBF3CB28CFA1390071E0E1 /* ViewModel */,
				85EBF3B228CE580E0071E0E1 /* View */,
			);
			path = Search;
			sourceTree = "<group>";
		};
		85EBF3B228CE580E0071E0E1 /* View */ = {
			isa = PBXGroup;
			children = (
				85EBF3B728CE596A0071E0E1 /* SearchViewController.swift */,
				85CB256A28CFA49E005519AB /* SearchResultCell.swift */,
				8551323028D6FC930086AA76 /* SearchView.swift */,
			);
			path = View;
			sourceTree = "<group>";
		};
		85EBF3B328CE58340071E0E1 /* Application */ = {
			isa = PBXGroup;
			children = (
				85CB256C28D042B8005519AB /* Extensions */,
				85EBF3B928CEEDD00071E0E1 /* Helpers */,
				85EBF3B428CE58460071E0E1 /* Supporting Files */,
				85EBF3B528CE58610071E0E1 /* Storyboards */,
				85EBF39D28CE4F9F0071E0E1 /* AppDelegate.swift */,
			);
			path = Application;
			sourceTree = "<group>";
		};
		85EBF3B428CE58460071E0E1 /* Supporting Files */ = {
			isa = PBXGroup;
			children = (
				85EBF3A628CE4FA00071E0E1 /* Assets.xcassets */,
				85EBF3AB28CE4FA00071E0E1 /* Info.plist */,
			);
			path = "Supporting Files";
			sourceTree = "<group>";
		};
		85EBF3B528CE58610071E0E1 /* Storyboards */ = {
			isa = PBXGroup;
			children = (
				85EBF3A828CE4FA00071E0E1 /* LaunchScreen.storyboard */,
			);
			path = Storyboards;
			sourceTree = "<group>";
		};
		85EBF3B928CEEDD00071E0E1 /* Helpers */ = {
			isa = PBXGroup;
			children = (
				85EBF3BA28CEEDD50071E0E1 /* Coordinator */,
				8551324328D8E7340086AA76 /* Constants.swift */,
			);
			path = Helpers;
			sourceTree = "<group>";
		};
		85EBF3BA28CEEDD50071E0E1 /* Coordinator */ = {
			isa = PBXGroup;
			children = (
				85EBF3BB28CEEDE10071E0E1 /* Coordinator.swift */,
				85EBF3BD28CEEE260071E0E1 /* ApplicationCoordinator.swift */,
				85EBF3BF28CEEFC30071E0E1 /* Main */,
			);
			path = Coordinator;
			sourceTree = "<group>";
		};
		85EBF3BF28CEEFC30071E0E1 /* Main */ = {
			isa = PBXGroup;
			children = (
				85EBF3C028CEEFD40071E0E1 /* MainCoordinator.swift */,
				85EBF3C228CEF0170071E0E1 /* Today */,
				85EBF3C328CEF0260071E0E1 /* Apps */,
				85EBF3C428CEF0340071E0E1 /* Search */,
			);
			path = Main;
			sourceTree = "<group>";
		};
		85EBF3C228CEF0170071E0E1 /* Today */ = {
			isa = PBXGroup;
			children = (
				85EBF3C728CEF0EA0071E0E1 /* TodayCoordinator.swift */,
			);
			path = Today;
			sourceTree = "<group>";
		};
		85EBF3C328CEF0260071E0E1 /* Apps */ = {
			isa = PBXGroup;
			children = (
				85EBF3C928CEF10A0071E0E1 /* AppsCoordinator.swift */,
			);
			path = Apps;
			sourceTree = "<group>";
		};
		85EBF3C428CEF0340071E0E1 /* Search */ = {
			isa = PBXGroup;
			children = (
				85EBF3C528CEF07D0071E0E1 /* SearchCoordinator.swift */,
			);
			path = Search;
			sourceTree = "<group>";
		};
		85EBF3CB28CFA1390071E0E1 /* ViewModel */ = {
			isa = PBXGroup;
			children = (
				85EBF3CE28CFA1A70071E0E1 /* SearchViewModel */,
			);
			path = ViewModel;
			sourceTree = "<group>";
		};
		85EBF3CE28CFA1A70071E0E1 /* SearchViewModel */ = {
			isa = PBXGroup;
			children = (
				8552B67328D42ED200A0E57A /* SearchResultCellViewModel */,
				85EBF3CC28CFA14C0071E0E1 /* ISearchViewModel.swift */,
				85EBF3CF28CFA1C00071E0E1 /* SearchViewModel.swift */,
			);
			path = SearchViewModel;
			sourceTree = "<group>";
		};
/* End PBXGroup section */

/* Begin PBXNativeTarget section */
		85EBF39928CE4F9F0071E0E1 /* AppStore-MVVM */ = {
			isa = PBXNativeTarget;
			buildConfigurationList = 85EBF3AE28CE4FA00071E0E1 /* Build configuration list for PBXNativeTarget "AppStore-MVVM" */;
			buildPhases = (
				85EBF39628CE4F9F0071E0E1 /* Sources */,
				85EBF39728CE4F9F0071E0E1 /* Frameworks */,
				85EBF39828CE4F9F0071E0E1 /* Resources */,
			);
			buildRules = (
			);
			dependencies = (
			);
			name = "AppStore-MVVM";
			productName = "AppStore-MVVM";
			productReference = 85EBF39A28CE4F9F0071E0E1 /* AppStore-MVVM.app */;
			productType = "com.apple.product-type.application";
		};
/* End PBXNativeTarget section */

/* Begin PBXProject section */
		85EBF39228CE4F9F0071E0E1 /* Project object */ = {
			isa = PBXProject;
			attributes = {
				BuildIndependentTargetsInParallel = 1;
				LastSwiftUpdateCheck = 1340;
				LastUpgradeCheck = 1340;
				TargetAttributes = {
					85EBF39928CE4F9F0071E0E1 = {
						CreatedOnToolsVersion = 13.4.1;
					};
				};
			};
			buildConfigurationList = 85EBF39528CE4F9F0071E0E1 /* Build configuration list for PBXProject "AppStore-MVVM" */;
			compatibilityVersion = "Xcode 13.0";
			developmentRegion = en;
			hasScannedForEncodings = 0;
			knownRegions = (
				en,
				Base,
			);
			mainGroup = 85EBF39128CE4F9F0071E0E1;
			productRefGroup = 85EBF39B28CE4F9F0071E0E1 /* Products */;
			projectDirPath = "";
			projectRoot = "";
			targets = (
				85EBF39928CE4F9F0071E0E1 /* AppStore-MVVM */,
			);
		};
/* End PBXProject section */

/* Begin PBXResourcesBuildPhase section */
		85EBF39828CE4F9F0071E0E1 /* Resources */ = {
			isa = PBXResourcesBuildPhase;
			buildActionMask = 2147483647;
			files = (
				85EBF3AA28CE4FA00071E0E1 /* LaunchScreen.storyboard in Resources */,
				85EBF3A728CE4FA00071E0E1 /* Assets.xcassets in Resources */,
			);
			runOnlyForDeploymentPostprocessing = 0;
		};
/* End PBXResourcesBuildPhase section */

/* Begin PBXSourcesBuildPhase section */
		85EBF39628CE4F9F0071E0E1 /* Sources */ = {
			isa = PBXSourcesBuildPhase;
			buildActionMask = 2147483647;
			files = (
				8551324228D8DB030086AA76 /* AppHeaderCell.swift in Sources */,
				857524A628D5FF66004CAF6B /* ImageCacheService.swift in Sources */,
				85416C0C28D18E2600F237D4 /* RequestManager.swift in Sources */,
				8551323B28D786C20086AA76 /* AppRowCell.swift in Sources */,
				85EBF3BE28CEEE260071E0E1 /* ApplicationCoordinator.swift in Sources */,
				8551323828D77DA10086AA76 /* AppsGroupCell.swift in Sources */,
				8551323128D6FC930086AA76 /* SearchView.swift in Sources */,
				857524A128D59652004CAF6B /* ImageParser.swift in Sources */,
				85416C1428D2DA0F00F237D4 /* SearchResult.swift in Sources */,
				85416C1228D2D40200F237D4 /* SearchRequest.swift in Sources */,
				85416C0A28D18C8600F237D4 /* NetworkError.swift in Sources */,
				85416C1628D2DE5700F237D4 /* SearchResultParser.swift in Sources */,
				85416C0528D18BAA00F237D4 /* IRequest.swift in Sources */,
				8552B67728D4302800A0E57A /* SearchResultCellViewModel.swift in Sources */,
				85EBF3CD28CFA14C0071E0E1 /* ISearchViewModel.swift in Sources */,
				85416C0228D18AC400F237D4 /* APIConstants.swift in Sources */,
				85EBF3C128CEEFD40071E0E1 /* MainCoordinator.swift in Sources */,
				85EBF3BC28CEEDE10071E0E1 /* Coordinator.swift in Sources */,
				85416C0F28D1903400F237D4 /* IParser.swift in Sources */,
				85EBF3B828CE596A0071E0E1 /* SearchViewController.swift in Sources */,
				857524A828D62A1A004CAF6B /* ConfigFactory.swift in Sources */,
				85EBF3CA28CEF10A0071E0E1 /* AppsCoordinator.swift in Sources */,
				85EBF3D028CFA1C00071E0E1 /* SearchViewModel.swift in Sources */,
				85CB256E28D042D3005519AB /* UIStackView+addArrangedSubviews.swift in Sources */,
				85EBF39E28CE4F9F0071E0E1 /* AppDelegate.swift in Sources */,
				85416C1828D2DF4800F237D4 /* RequestConfig.swift in Sources */,
				85EBF3C828CEF0EA0071E0E1 /* TodayCoordinator.swift in Sources */,
				857524A328D596C7004CAF6B /* ImageRequest.swift in Sources */,
				8551323F28D827440086AA76 /* AppsPageHeader.swift in Sources */,
				85CB256B28CFA49E005519AB /* SearchResultCell.swift in Sources */,
				8551323628D77A5E0086AA76 /* AppsViewController.swift in Sources */,
				8552B67528D42EFB00A0E57A /* ISearchResultCellViewModel.swift in Sources */,
				85EBF3C628CEF07D0071E0E1 /* SearchCoordinator.swift in Sources */,
				8551323D28D81D230086AA76 /* UIButton+createGetButton.swift in Sources */,
				85416C0728D18C0100F237D4 /* RequestType.swift in Sources */,
				8551324428D8E7340086AA76 /* Constants.swift in Sources */,
			);
			runOnlyForDeploymentPostprocessing = 0;
		};
/* End PBXSourcesBuildPhase section */

/* Begin PBXVariantGroup section */
		85EBF3A828CE4FA00071E0E1 /* LaunchScreen.storyboard */ = {
			isa = PBXVariantGroup;
			children = (
				85EBF3A928CE4FA00071E0E1 /* Base */,
			);
			name = LaunchScreen.storyboard;
			sourceTree = "<group>";
		};
/* End PBXVariantGroup section */

/* Begin XCBuildConfiguration section */
		85EBF3AC28CE4FA00071E0E1 /* Debug */ = {
			isa = XCBuildConfiguration;
			buildSettings = {
				ALWAYS_SEARCH_USER_PATHS = NO;
				CLANG_ANALYZER_NONNULL = YES;
				CLANG_ANALYZER_NUMBER_OBJECT_CONVERSION = YES_AGGRESSIVE;
				CLANG_CXX_LANGUAGE_STANDARD = "gnu++17";
				CLANG_ENABLE_MODULES = YES;
				CLANG_ENABLE_OBJC_ARC = YES;
				CLANG_ENABLE_OBJC_WEAK = YES;
				CLANG_WARN_BLOCK_CAPTURE_AUTORELEASING = YES;
				CLANG_WARN_BOOL_CONVERSION = YES;
				CLANG_WARN_COMMA = YES;
				CLANG_WARN_CONSTANT_CONVERSION = YES;
				CLANG_WARN_DEPRECATED_OBJC_IMPLEMENTATIONS = YES;
				CLANG_WARN_DIRECT_OBJC_ISA_USAGE = YES_ERROR;
				CLANG_WARN_DOCUMENTATION_COMMENTS = YES;
				CLANG_WARN_EMPTY_BODY = YES;
				CLANG_WARN_ENUM_CONVERSION = YES;
				CLANG_WARN_INFINITE_RECURSION = YES;
				CLANG_WARN_INT_CONVERSION = YES;
				CLANG_WARN_NON_LITERAL_NULL_CONVERSION = YES;
				CLANG_WARN_OBJC_IMPLICIT_RETAIN_SELF = YES;
				CLANG_WARN_OBJC_LITERAL_CONVERSION = YES;
				CLANG_WARN_OBJC_ROOT_CLASS = YES_ERROR;
				CLANG_WARN_QUOTED_INCLUDE_IN_FRAMEWORK_HEADER = YES;
				CLANG_WARN_RANGE_LOOP_ANALYSIS = YES;
				CLANG_WARN_STRICT_PROTOTYPES = YES;
				CLANG_WARN_SUSPICIOUS_MOVE = YES;
				CLANG_WARN_UNGUARDED_AVAILABILITY = YES_AGGRESSIVE;
				CLANG_WARN_UNREACHABLE_CODE = YES;
				CLANG_WARN__DUPLICATE_METHOD_MATCH = YES;
				COPY_PHASE_STRIP = NO;
				DEBUG_INFORMATION_FORMAT = dwarf;
				ENABLE_STRICT_OBJC_MSGSEND = YES;
				ENABLE_TESTABILITY = YES;
				GCC_C_LANGUAGE_STANDARD = gnu11;
				GCC_DYNAMIC_NO_PIC = NO;
				GCC_NO_COMMON_BLOCKS = YES;
				GCC_OPTIMIZATION_LEVEL = 0;
				GCC_PREPROCESSOR_DEFINITIONS = (
					"DEBUG=1",
					"$(inherited)",
				);
				GCC_WARN_64_TO_32_BIT_CONVERSION = YES;
				GCC_WARN_ABOUT_RETURN_TYPE = YES_ERROR;
				GCC_WARN_UNDECLARED_SELECTOR = YES;
				GCC_WARN_UNINITIALIZED_AUTOS = YES_AGGRESSIVE;
				GCC_WARN_UNUSED_FUNCTION = YES;
				GCC_WARN_UNUSED_VARIABLE = YES;
				IPHONEOS_DEPLOYMENT_TARGET = 15.5;
				MTL_ENABLE_DEBUG_INFO = INCLUDE_SOURCE;
				MTL_FAST_MATH = YES;
				ONLY_ACTIVE_ARCH = YES;
				SDKROOT = iphoneos;
				SWIFT_ACTIVE_COMPILATION_CONDITIONS = DEBUG;
				SWIFT_OPTIMIZATION_LEVEL = "-Onone";
			};
			name = Debug;
		};
		85EBF3AD28CE4FA00071E0E1 /* Release */ = {
			isa = XCBuildConfiguration;
			buildSettings = {
				ALWAYS_SEARCH_USER_PATHS = NO;
				CLANG_ANALYZER_NONNULL = YES;
				CLANG_ANALYZER_NUMBER_OBJECT_CONVERSION = YES_AGGRESSIVE;
				CLANG_CXX_LANGUAGE_STANDARD = "gnu++17";
				CLANG_ENABLE_MODULES = YES;
				CLANG_ENABLE_OBJC_ARC = YES;
				CLANG_ENABLE_OBJC_WEAK = YES;
				CLANG_WARN_BLOCK_CAPTURE_AUTORELEASING = YES;
				CLANG_WARN_BOOL_CONVERSION = YES;
				CLANG_WARN_COMMA = YES;
				CLANG_WARN_CONSTANT_CONVERSION = YES;
				CLANG_WARN_DEPRECATED_OBJC_IMPLEMENTATIONS = YES;
				CLANG_WARN_DIRECT_OBJC_ISA_USAGE = YES_ERROR;
				CLANG_WARN_DOCUMENTATION_COMMENTS = YES;
				CLANG_WARN_EMPTY_BODY = YES;
				CLANG_WARN_ENUM_CONVERSION = YES;
				CLANG_WARN_INFINITE_RECURSION = YES;
				CLANG_WARN_INT_CONVERSION = YES;
				CLANG_WARN_NON_LITERAL_NULL_CONVERSION = YES;
				CLANG_WARN_OBJC_IMPLICIT_RETAIN_SELF = YES;
				CLANG_WARN_OBJC_LITERAL_CONVERSION = YES;
				CLANG_WARN_OBJC_ROOT_CLASS = YES_ERROR;
				CLANG_WARN_QUOTED_INCLUDE_IN_FRAMEWORK_HEADER = YES;
				CLANG_WARN_RANGE_LOOP_ANALYSIS = YES;
				CLANG_WARN_STRICT_PROTOTYPES = YES;
				CLANG_WARN_SUSPICIOUS_MOVE = YES;
				CLANG_WARN_UNGUARDED_AVAILABILITY = YES_AGGRESSIVE;
				CLANG_WARN_UNREACHABLE_CODE = YES;
				CLANG_WARN__DUPLICATE_METHOD_MATCH = YES;
				COPY_PHASE_STRIP = NO;
				DEBUG_INFORMATION_FORMAT = "dwarf-with-dsym";
				ENABLE_NS_ASSERTIONS = NO;
				ENABLE_STRICT_OBJC_MSGSEND = YES;
				GCC_C_LANGUAGE_STANDARD = gnu11;
				GCC_NO_COMMON_BLOCKS = YES;
				GCC_WARN_64_TO_32_BIT_CONVERSION = YES;
				GCC_WARN_ABOUT_RETURN_TYPE = YES_ERROR;
				GCC_WARN_UNDECLARED_SELECTOR = YES;
				GCC_WARN_UNINITIALIZED_AUTOS = YES_AGGRESSIVE;
				GCC_WARN_UNUSED_FUNCTION = YES;
				GCC_WARN_UNUSED_VARIABLE = YES;
				IPHONEOS_DEPLOYMENT_TARGET = 15.5;
				MTL_ENABLE_DEBUG_INFO = NO;
				MTL_FAST_MATH = YES;
				SDKROOT = iphoneos;
				SWIFT_COMPILATION_MODE = wholemodule;
				SWIFT_OPTIMIZATION_LEVEL = "-O";
				VALIDATE_PRODUCT = YES;
			};
			name = Release;
		};
		85EBF3AF28CE4FA00071E0E1 /* Debug */ = {
			isa = XCBuildConfiguration;
			buildSettings = {
				ASSETCATALOG_COMPILER_APPICON_NAME = AppIcon;
				CODE_SIGN_STYLE = Automatic;
				CURRENT_PROJECT_VERSION = 1;
				DEVELOPMENT_TEAM = T94XUBZ99A;
				GENERATE_INFOPLIST_FILE = YES;
				INFOPLIST_FILE = "AppStore-MVVM/Application/Supporting Files/Info.plist";
				INFOPLIST_KEY_UIApplicationSupportsIndirectInputEvents = YES;
				INFOPLIST_KEY_UILaunchStoryboardName = LaunchScreen;
				INFOPLIST_KEY_UISupportedInterfaceOrientations_iPad = UIInterfaceOrientationPortrait;
				INFOPLIST_KEY_UISupportedInterfaceOrientations_iPhone = UIInterfaceOrientationPortrait;
				IPHONEOS_DEPLOYMENT_TARGET = 14.0;
				LD_RUNPATH_SEARCH_PATHS = (
					"$(inherited)",
					"@executable_path/Frameworks",
				);
				MARKETING_VERSION = 1.0;
				PRODUCT_BUNDLE_IDENTIFIER = "maker.AppStore-MVVM";
				PRODUCT_NAME = "$(TARGET_NAME)";
				SWIFT_EMIT_LOC_STRINGS = YES;
				SWIFT_VERSION = 5.0;
				TARGETED_DEVICE_FAMILY = 1;
			};
			name = Debug;
		};
		85EBF3B028CE4FA00071E0E1 /* Release */ = {
			isa = XCBuildConfiguration;
			buildSettings = {
				ASSETCATALOG_COMPILER_APPICON_NAME = AppIcon;
				CODE_SIGN_STYLE = Automatic;
				CURRENT_PROJECT_VERSION = 1;
				DEVELOPMENT_TEAM = T94XUBZ99A;
				GENERATE_INFOPLIST_FILE = YES;
				INFOPLIST_FILE = "AppStore-MVVM/Application/Supporting Files/Info.plist";
				INFOPLIST_KEY_UIApplicationSupportsIndirectInputEvents = YES;
				INFOPLIST_KEY_UILaunchStoryboardName = LaunchScreen;
				INFOPLIST_KEY_UISupportedInterfaceOrientations_iPad = UIInterfaceOrientationPortrait;
				INFOPLIST_KEY_UISupportedInterfaceOrientations_iPhone = UIInterfaceOrientationPortrait;
				IPHONEOS_DEPLOYMENT_TARGET = 14.0;
				LD_RUNPATH_SEARCH_PATHS = (
					"$(inherited)",
					"@executable_path/Frameworks",
				);
				MARKETING_VERSION = 1.0;
				PRODUCT_BUNDLE_IDENTIFIER = "maker.AppStore-MVVM";
				PRODUCT_NAME = "$(TARGET_NAME)";
				SWIFT_EMIT_LOC_STRINGS = YES;
				SWIFT_VERSION = 5.0;
				TARGETED_DEVICE_FAMILY = 1;
			};
			name = Release;
		};
/* End XCBuildConfiguration section */

/* Begin XCConfigurationList section */
		85EBF39528CE4F9F0071E0E1 /* Build configuration list for PBXProject "AppStore-MVVM" */ = {
			isa = XCConfigurationList;
			buildConfigurations = (
				85EBF3AC28CE4FA00071E0E1 /* Debug */,
				85EBF3AD28CE4FA00071E0E1 /* Release */,
			);
			defaultConfigurationIsVisible = 0;
			defaultConfigurationName = Release;
		};
		85EBF3AE28CE4FA00071E0E1 /* Build configuration list for PBXNativeTarget "AppStore-MVVM" */ = {
			isa = XCConfigurationList;
			buildConfigurations = (
				85EBF3AF28CE4FA00071E0E1 /* Debug */,
				85EBF3B028CE4FA00071E0E1 /* Release */,
			);
			defaultConfigurationIsVisible = 0;
			defaultConfigurationName = Release;
		};
/* End XCConfigurationList section */
	};
	rootObject = 85EBF39228CE4F9F0071E0E1 /* Project object */;
}
